
Microsoft Visual Studio Solution File, Format Version 12.00
# Visual Studio 2013
VisualStudioVersion = 12.0.31101.0
MinimumVisualStudioVersion = 10.0.40219.1
Project("{FAE04EC0-301F-11D3-BF4B-00C04F79EFBC}") = "AsyncSuffix", "AsyncSuffix\AsyncSuffix.csproj", "{752FF9EC-357F-4272-92AD-E4DAB15312C1}"
EndProject
Project("{FAE04EC0-301F-11D3-BF4B-00C04F79EFBC}") = "AsyncSuffix.Tests", "AsyncSuffx.Tests\AsyncSuffix.Tests.csproj", "{3F41529C-551C-476B-9EF4-2335C3D0E30A}"
EndProject
Global
	GlobalSection(SolutionConfigurationPlatforms) = preSolution
		Debug|Any CPU = Debug|Any CPU
		Release|Any CPU = Release|Any CPU
	EndGlobalSection
	GlobalSection(ProjectConfigurationPlatforms) = postSolution
		{752FF9EC-357F-4272-92AD-E4DAB15312C1}.Debug|Any CPU.ActiveCfg = Debug|Any CPU
		{752FF9EC-357F-4272-92AD-E4DAB15312C1}.Debug|Any CPU.Build.0 = Debug|Any CPU
		{752FF9EC-357F-4272-92AD-E4DAB15312C1}.Release|Any CPU.ActiveCfg = Release|Any CPU
		{752FF9EC-357F-4272-92AD-E4DAB15312C1}.Release|Any CPU.Build.0 = Release|Any CPU
		{3F41529C-551C-476B-9EF4-2335C3D0E30A}.Debug|Any CPU.ActiveCfg = Debug|Any CPU
		{3F41529C-551C-476B-9EF4-2335C3D0E30A}.Debug|Any CPU.Build.0 = Debug|Any CPU
		{3F41529C-551C-476B-9EF4-2335C3D0E30A}.Release|Any CPU.ActiveCfg = Release|Any CPU
		{3F41529C-551C-476B-9EF4-2335C3D0E30A}.Release|Any CPU.Build.0 = Release|Any CPU
	EndGlobalSection
	GlobalSection(SolutionProperties) = preSolution
		HideSolutionNode = FALSE
	EndGlobalSection
EndGlobal
